
Microsoft Visual Studio Solution File, Format Version 12.00
# Visual Studio 15
VisualStudioVersion = 15.0.26124.0
MinimumVisualStudioVersion = 15.0.26124.0
Project("{2150E333-8FDC-42A3-9474-1A3956D46DE8}") = "Code", "Code", "{A87C2D1B-EBFF-4AD7-B557-EF732176DA1A}"
EndProject
Project("{FAE04EC0-301F-11D3-BF4B-00C04F79EFBC}") = "mongo.Api", "Code\mongo.Api\mongo.Api.csproj", "{0C36FFCA-9A1F-4683-8250-42A1048A7254}"
EndProject
Project("{FAE04EC0-301F-11D3-BF4B-00C04F79EFBC}") = "mongo.BusinessEntities", "Code\mongo.BusinessEntities\mongo.BusinessEntities.csproj", "{0F2C208D-DCFE-480B-AE99-E01D643DA0CC}"
EndProject
Project("{FAE04EC0-301F-11D3-BF4B-00C04F79EFBC}") = "mongo.BusinessServices", "Code\mongo.BusinessServices\mongo.BusinessServices.csproj", "{DB002067-09EF-4704-9CEB-D36A94F82BD9}"
EndProject
Project("{FAE04EC0-301F-11D3-BF4B-00C04F79EFBC}") = "mongo.Contracts", "Code\mongo.Contracts\mongo.Contracts.csproj", "{4C4B7738-D131-4618-824D-B59AF5922915}"
EndProject
Project("{FAE04EC0-301F-11D3-BF4B-00C04F79EFBC}") = "mongo.Data", "Code\mongo.Data\mongo.Data.csproj", "{676B9C2C-EB00-48E6-A481-D1939550B9DB}"
EndProject
Project("{FAE04EC0-301F-11D3-BF4B-00C04F79EFBC}") = "mongo.Test.Api", "Code\mongo.Test.Api\mongo.Test.Api.csproj", "{B364ABE3-5432-43EB-9B33-5198331593C9}"
EndProject
Project("{FAE04EC0-301F-11D3-BF4B-00C04F79EFBC}") = "mongo.Test.Business", "Code\mongo.Test.Business\mongo.Test.Business.csproj", "{90EC79D5-43D3-4B19-A4AF-359E64FEA631}"
EndProject
Project("{FAE04EC0-301F-11D3-BF4B-00C04F79EFBC}") = "mongo.Test.Framework", "Code\mongo.Test.Framework\mongo.Test.Framework.csproj", "{FF16FEA5-8D53-4482-9AB4-71B3B719C6E8}"
EndProject
Project("{2150E333-8FDC-42A3-9474-1A3956D46DE8}") = "Test", "Test", "{A10C0471-2335-4076-8BA9-737498535F65}"
EndProject
Global
	GlobalSection(SolutionConfigurationPlatforms) = preSolution
		Debug|Any CPU = Debug|Any CPU
		Debug|x64 = Debug|x64
		Debug|x86 = Debug|x86
		Release|Any CPU = Release|Any CPU
		Release|x64 = Release|x64
		Release|x86 = Release|x86
	EndGlobalSection
	GlobalSection(SolutionProperties) = preSolution
		HideSolutionNode = FALSE
	EndGlobalSection
	GlobalSection(ProjectConfigurationPlatforms) = postSolution
		{0C36FFCA-9A1F-4683-8250-42A1048A7254}.Debug|Any CPU.ActiveCfg = Debug|Any CPU
		{0C36FFCA-9A1F-4683-8250-42A1048A7254}.Debug|Any CPU.Build.0 = Debug|Any CPU
		{0C36FFCA-9A1F-4683-8250-42A1048A7254}.Debug|x64.ActiveCfg = Debug|Any CPU
		{0C36FFCA-9A1F-4683-8250-42A1048A7254}.Debug|x64.Build.0 = Debug|Any CPU
		{0C36FFCA-9A1F-4683-8250-42A1048A7254}.Debug|x86.ActiveCfg = Debug|Any CPU
		{0C36FFCA-9A1F-4683-8250-42A1048A7254}.Debug|x86.Build.0 = Debug|Any CPU
		{0C36FFCA-9A1F-4683-8250-42A1048A7254}.Release|Any CPU.ActiveCfg = Release|Any CPU
		{0C36FFCA-9A1F-4683-8250-42A1048A7254}.Release|Any CPU.Build.0 = Release|Any CPU
		{0C36FFCA-9A1F-4683-8250-42A1048A7254}.Release|x64.ActiveCfg = Release|Any CPU
		{0C36FFCA-9A1F-4683-8250-42A1048A7254}.Release|x64.Build.0 = Release|Any CPU
		{0C36FFCA-9A1F-4683-8250-42A1048A7254}.Release|x86.ActiveCfg = Release|Any CPU
		{0C36FFCA-9A1F-4683-8250-42A1048A7254}.Release|x86.Build.0 = Release|Any CPU
		{0F2C208D-DCFE-480B-AE99-E01D643DA0CC}.Debug|Any CPU.ActiveCfg = Debug|Any CPU
		{0F2C208D-DCFE-480B-AE99-E01D643DA0CC}.Debug|Any CPU.Build.0 = Debug|Any CPU
		{0F2C208D-DCFE-480B-AE99-E01D643DA0CC}.Debug|x64.ActiveCfg = Debug|Any CPU
		{0F2C208D-DCFE-480B-AE99-E01D643DA0CC}.Debug|x64.Build.0 = Debug|Any CPU
		{0F2C208D-DCFE-480B-AE99-E01D643DA0CC}.Debug|x86.ActiveCfg = Debug|Any CPU
		{0F2C208D-DCFE-480B-AE99-E01D643DA0CC}.Debug|x86.Build.0 = Debug|Any CPU
		{0F2C208D-DCFE-480B-AE99-E01D643DA0CC}.Release|Any CPU.ActiveCfg = Release|Any CPU
		{0F2C208D-DCFE-480B-AE99-E01D643DA0CC}.Release|Any CPU.Build.0 = Release|Any CPU
		{0F2C208D-DCFE-480B-AE99-E01D643DA0CC}.Release|x64.ActiveCfg = Release|Any CPU
		{0F2C208D-DCFE-480B-AE99-E01D643DA0CC}.Release|x64.Build.0 = Release|Any CPU
		{0F2C208D-DCFE-480B-AE99-E01D643DA0CC}.Release|x86.ActiveCfg = Release|Any CPU
		{0F2C208D-DCFE-480B-AE99-E01D643DA0CC}.Release|x86.Build.0 = Release|Any CPU
		{DB002067-09EF-4704-9CEB-D36A94F82BD9}.Debug|Any CPU.ActiveCfg = Debug|Any CPU
		{DB002067-09EF-4704-9CEB-D36A94F82BD9}.Debug|Any CPU.Build.0 = Debug|Any CPU
		{DB002067-09EF-4704-9CEB-D36A94F82BD9}.Debug|x64.ActiveCfg = Debug|Any CPU
		{DB002067-09EF-4704-9CEB-D36A94F82BD9}.Debug|x64.Build.0 = Debug|Any CPU
		{DB002067-09EF-4704-9CEB-D36A94F82BD9}.Debug|x86.ActiveCfg = Debug|Any CPU
		{DB002067-09EF-4704-9CEB-D36A94F82BD9}.Debug|x86.Build.0 = Debug|Any CPU
		{DB002067-09EF-4704-9CEB-D36A94F82BD9}.Release|Any CPU.ActiveCfg = Release|Any CPU
		{DB002067-09EF-4704-9CEB-D36A94F82BD9}.Release|Any CPU.Build.0 = Release|Any CPU
		{DB002067-09EF-4704-9CEB-D36A94F82BD9}.Release|x64.ActiveCfg = Release|Any CPU
		{DB002067-09EF-4704-9CEB-D36A94F82BD9}.Release|x64.Build.0 = Release|Any CPU
		{DB002067-09EF-4704-9CEB-D36A94F82BD9}.Release|x86.ActiveCfg = Release|Any CPU
		{DB002067-09EF-4704-9CEB-D36A94F82BD9}.Release|x86.Build.0 = Release|Any CPU
		{4C4B7738-D131-4618-824D-B59AF5922915}.Debug|Any CPU.ActiveCfg = Debug|Any CPU
		{4C4B7738-D131-4618-824D-B59AF5922915}.Debug|Any CPU.Build.0 = Debug|Any CPU
		{4C4B7738-D131-4618-824D-B59AF5922915}.Debug|x64.ActiveCfg = Debug|Any CPU
		{4C4B7738-D131-4618-824D-B59AF5922915}.Debug|x64.Build.0 = Debug|Any CPU
		{4C4B7738-D131-4618-824D-B59AF5922915}.Debug|x86.ActiveCfg = Debug|Any CPU
		{4C4B7738-D131-4618-824D-B59AF5922915}.Debug|x86.Build.0 = Debug|Any CPU
		{4C4B7738-D131-4618-824D-B59AF5922915}.Release|Any CPU.ActiveCfg = Release|Any CPU
		{4C4B7738-D131-4618-824D-B59AF5922915}.Release|Any CPU.Build.0 = Release|Any CPU
		{4C4B7738-D131-4618-824D-B59AF5922915}.Release|x64.ActiveCfg = Release|Any CPU
		{4C4B7738-D131-4618-824D-B59AF5922915}.Release|x64.Build.0 = Release|Any CPU
		{4C4B7738-D131-4618-824D-B59AF5922915}.Release|x86.ActiveCfg = Release|Any CPU
		{4C4B7738-D131-4618-824D-B59AF5922915}.Release|x86.Build.0 = Release|Any CPU
		{676B9C2C-EB00-48E6-A481-D1939550B9DB}.Debug|Any CPU.ActiveCfg = Debug|Any CPU
		{676B9C2C-EB00-48E6-A481-D1939550B9DB}.Debug|Any CPU.Build.0 = Debug|Any CPU
		{676B9C2C-EB00-48E6-A481-D1939550B9DB}.Debug|x64.ActiveCfg = Debug|Any CPU
		{676B9C2C-EB00-48E6-A481-D1939550B9DB}.Debug|x64.Build.0 = Debug|Any CPU
		{676B9C2C-EB00-48E6-A481-D1939550B9DB}.Debug|x86.ActiveCfg = Debug|Any CPU
		{676B9C2C-EB00-48E6-A481-D1939550B9DB}.Debug|x86.Build.0 = Debug|Any CPU
		{676B9C2C-EB00-48E6-A481-D1939550B9DB}.Release|Any CPU.ActiveCfg = Release|Any CPU
		{676B9C2C-EB00-48E6-A481-D1939550B9DB}.Release|Any CPU.Build.0 = Release|Any CPU
		{676B9C2C-EB00-48E6-A481-D1939550B9DB}.Release|x64.ActiveCfg = Release|Any CPU
		{676B9C2C-EB00-48E6-A481-D1939550B9DB}.Release|x64.Build.0 = Release|Any CPU
		{676B9C2C-EB00-48E6-A481-D1939550B9DB}.Release|x86.ActiveCfg = Release|Any CPU
		{676B9C2C-EB00-48E6-A481-D1939550B9DB}.Release|x86.Build.0 = Release|Any CPU
		{B364ABE3-5432-43EB-9B33-5198331593C9}.Debug|Any CPU.ActiveCfg = Debug|Any CPU
		{B364ABE3-5432-43EB-9B33-5198331593C9}.Debug|Any CPU.Build.0 = Debug|Any CPU
		{B364ABE3-5432-43EB-9B33-5198331593C9}.Debug|x64.ActiveCfg = Debug|Any CPU
		{B364ABE3-5432-43EB-9B33-5198331593C9}.Debug|x64.Build.0 = Debug|Any CPU
		{B364ABE3-5432-43EB-9B33-5198331593C9}.Debug|x86.ActiveCfg = Debug|Any CPU
		{B364ABE3-5432-43EB-9B33-5198331593C9}.Debug|x86.Build.0 = Debug|Any CPU
		{B364ABE3-5432-43EB-9B33-5198331593C9}.Release|Any CPU.ActiveCfg = Release|Any CPU
		{B364ABE3-5432-43EB-9B33-5198331593C9}.Release|Any CPU.Build.0 = Release|Any CPU
		{B364ABE3-5432-43EB-9B33-5198331593C9}.Release|x64.ActiveCfg = Release|Any CPU
		{B364ABE3-5432-43EB-9B33-5198331593C9}.Release|x64.Build.0 = Release|Any CPU
		{B364ABE3-5432-43EB-9B33-5198331593C9}.Release|x86.ActiveCfg = Release|Any CPU
		{B364ABE3-5432-43EB-9B33-5198331593C9}.Release|x86.Build.0 = Release|Any CPU
		{90EC79D5-43D3-4B19-A4AF-359E64FEA631}.Debug|Any CPU.ActiveCfg = Debug|Any CPU
		{90EC79D5-43D3-4B19-A4AF-359E64FEA631}.Debug|Any CPU.Build.0 = Debug|Any CPU
		{90EC79D5-43D3-4B19-A4AF-359E64FEA631}.Debug|x64.ActiveCfg = Debug|Any CPU
		{90EC79D5-43D3-4B19-A4AF-359E64FEA631}.Debug|x64.Build.0 = Debug|Any CPU
		{90EC79D5-43D3-4B19-A4AF-359E64FEA631}.Debug|x86.ActiveCfg = Debug|Any CPU
		{90EC79D5-43D3-4B19-A4AF-359E64FEA631}.Debug|x86.Build.0 = Debug|Any CPU
		{90EC79D5-43D3-4B19-A4AF-359E64FEA631}.Release|Any CPU.ActiveCfg = Release|Any CPU
		{90EC79D5-43D3-4B19-A4AF-359E64FEA631}.Release|Any CPU.Build.0 = Release|Any CPU
		{90EC79D5-43D3-4B19-A4AF-359E64FEA631}.Release|x64.ActiveCfg = Release|Any CPU
		{90EC79D5-43D3-4B19-A4AF-359E64FEA631}.Release|x64.Build.0 = Release|Any CPU
		{90EC79D5-43D3-4B19-A4AF-359E64FEA631}.Release|x86.ActiveCfg = Release|Any CPU
		{90EC79D5-43D3-4B19-A4AF-359E64FEA631}.Release|x86.Build.0 = Release|Any CPU
		{FF16FEA5-8D53-4482-9AB4-71B3B719C6E8}.Debug|Any CPU.ActiveCfg = Debug|Any CPU
		{FF16FEA5-8D53-4482-9AB4-71B3B719C6E8}.Debug|Any CPU.Build.0 = Debug|Any CPU
		{FF16FEA5-8D53-4482-9AB4-71B3B719C6E8}.Debug|x64.ActiveCfg = Debug|Any CPU
		{FF16FEA5-8D53-4482-9AB4-71B3B719C6E8}.Debug|x64.Build.0 = Debug|Any CPU
		{FF16FEA5-8D53-4482-9AB4-71B3B719C6E8}.Debug|x86.ActiveCfg = Debug|Any CPU
		{FF16FEA5-8D53-4482-9AB4-71B3B719C6E8}.Debug|x86.Build.0 = Debug|Any CPU
		{FF16FEA5-8D53-4482-9AB4-71B3B719C6E8}.Release|Any CPU.ActiveCfg = Release|Any CPU
		{FF16FEA5-8D53-4482-9AB4-71B3B719C6E8}.Release|Any CPU.Build.0 = Release|Any CPU
		{FF16FEA5-8D53-4482-9AB4-71B3B719C6E8}.Release|x64.ActiveCfg = Release|Any CPU
		{FF16FEA5-8D53-4482-9AB4-71B3B719C6E8}.Release|x64.Build.0 = Release|Any CPU
		{FF16FEA5-8D53-4482-9AB4-71B3B719C6E8}.Release|x86.ActiveCfg = Release|Any CPU
		{FF16FEA5-8D53-4482-9AB4-71B3B719C6E8}.Release|x86.Build.0 = Release|Any CPU
	EndGlobalSection
	GlobalSection(NestedProjects) = preSolution
		{0C36FFCA-9A1F-4683-8250-42A1048A7254} = {A87C2D1B-EBFF-4AD7-B557-EF732176DA1A}
		{0F2C208D-DCFE-480B-AE99-E01D643DA0CC} = {A87C2D1B-EBFF-4AD7-B557-EF732176DA1A}
		{DB002067-09EF-4704-9CEB-D36A94F82BD9} = {A87C2D1B-EBFF-4AD7-B557-EF732176DA1A}
		{4C4B7738-D131-4618-824D-B59AF5922915} = {A87C2D1B-EBFF-4AD7-B557-EF732176DA1A}
		{676B9C2C-EB00-48E6-A481-D1939550B9DB} = {A87C2D1B-EBFF-4AD7-B557-EF732176DA1A}
		{B364ABE3-5432-43EB-9B33-5198331593C9} = {A10C0471-2335-4076-8BA9-737498535F65}
		{90EC79D5-43D3-4B19-A4AF-359E64FEA631} = {A10C0471-2335-4076-8BA9-737498535F65}
		{FF16FEA5-8D53-4482-9AB4-71B3B719C6E8} = {A10C0471-2335-4076-8BA9-737498535F65}
	EndGlobalSection
EndGlobal
